
Microsoft Visual Studio Solution File, Format Version 12.00
# Visual Studio Version 17
VisualStudioVersion = 17.2.32519.379
MinimumVisualStudioVersion = 10.0.40219.1
Project("{9A19103F-16F7-4668-BE54-9A1E7A4F7556}") = "ExcelPatternTool.Core", "ExcelPatternTool.Core\ExcelPatternTool.Core.csproj", "{4E415480-3221-44C7-95D1-7F19B36BE6BB}"
EndProject
Project("{9A19103F-16F7-4668-BE54-9A1E7A4F7556}") = "ExcelPatternTool.Tests", "ExcelPatternTool.Tests\ExcelPatternTool.Tests.csproj", "{87183FC8-5F14-40D9-B129-4A478A51755A}"
EndProject
Project("{9A19103F-16F7-4668-BE54-9A1E7A4F7556}") = "ExcelPatternTool", "ExcelPatternTool\ExcelPatternTool.csproj", "{3A4B8E3F-3A65-4167-B65A-DB14E9510878}"
EndProject
Project("{FAE04EC0-301F-11D3-BF4B-00C04F79EFBC}") = "ExcelPatternTool.Validation", "ExcelPatternTool.Validation\ExcelPatternTool.Validation.csproj", "{3572FF84-DBE6-4DCD-847E-1646B8CE15D0}"
EndProject
Project("{FAE04EC0-301F-11D3-BF4B-00C04F79EFBC}") = "ExcelPatternTool.Contracts", "ExcelPatternTool.Contracts\ExcelPatternTool.Contracts.csproj", "{75FC0E42-5424-4346-A253-67EB303BE30F}"
EndProject
Project("{FAE04EC0-301F-11D3-BF4B-00C04F79EFBC}") = "ExcelPatternTool.Common", "ExcelPatternTool.Common\ExcelPatternTool.Common.csproj", "{8E79EAB1-CFD9-4C8E-A392-F895F8FA21EE}"
EndProject
Global
	GlobalSection(SolutionConfigurationPlatforms) = preSolution
		Debug|Any CPU = Debug|Any CPU
		Release|Any CPU = Release|Any CPU
	EndGlobalSection
	GlobalSection(ProjectConfigurationPlatforms) = postSolution
		{4E415480-3221-44C7-95D1-7F19B36BE6BB}.Debug|Any CPU.ActiveCfg = Debug|Any CPU
		{4E415480-3221-44C7-95D1-7F19B36BE6BB}.Debug|Any CPU.Build.0 = Debug|Any CPU
		{4E415480-3221-44C7-95D1-7F19B36BE6BB}.Release|Any CPU.ActiveCfg = Release|Any CPU
		{4E415480-3221-44C7-95D1-7F19B36BE6BB}.Release|Any CPU.Build.0 = Release|Any CPU
		{87183FC8-5F14-40D9-B129-4A478A51755A}.Debug|Any CPU.ActiveCfg = Debug|Any CPU
		{87183FC8-5F14-40D9-B129-4A478A51755A}.Debug|Any CPU.Build.0 = Debug|Any CPU
		{87183FC8-5F14-40D9-B129-4A478A51755A}.Release|Any CPU.ActiveCfg = Release|Any CPU
		{87183FC8-5F14-40D9-B129-4A478A51755A}.Release|Any CPU.Build.0 = Release|Any CPU
		{3A4B8E3F-3A65-4167-B65A-DB14E9510878}.Debug|Any CPU.ActiveCfg = Debug|Any CPU
		{3A4B8E3F-3A65-4167-B65A-DB14E9510878}.Debug|Any CPU.Build.0 = Debug|Any CPU
		{3A4B8E3F-3A65-4167-B65A-DB14E9510878}.Release|Any CPU.ActiveCfg = Release|Any CPU
		{3A4B8E3F-3A65-4167-B65A-DB14E9510878}.Release|Any CPU.Build.0 = Release|Any CPU
		{3572FF84-DBE6-4DCD-847E-1646B8CE15D0}.Debug|Any CPU.ActiveCfg = Debug|Any CPU
		{3572FF84-DBE6-4DCD-847E-1646B8CE15D0}.Debug|Any CPU.Build.0 = Debug|Any CPU
		{3572FF84-DBE6-4DCD-847E-1646B8CE15D0}.Release|Any CPU.ActiveCfg = Release|Any CPU
		{3572FF84-DBE6-4DCD-847E-1646B8CE15D0}.Release|Any CPU.Build.0 = Release|Any CPU
		{75FC0E42-5424-4346-A253-67EB303BE30F}.Debug|Any CPU.ActiveCfg = Debug|Any CPU
		{75FC0E42-5424-4346-A253-67EB303BE30F}.Debug|Any CPU.Build.0 = Debug|Any CPU
		{75FC0E42-5424-4346-A253-67EB303BE30F}.Release|Any CPU.ActiveCfg = Release|Any CPU
		{75FC0E42-5424-4346-A253-67EB303BE30F}.Release|Any CPU.Build.0 = Release|Any CPU
		{8E79EAB1-CFD9-4C8E-A392-F895F8FA21EE}.Debug|Any CPU.ActiveCfg = Debug|Any CPU
		{8E79EAB1-CFD9-4C8E-A392-F895F8FA21EE}.Debug|Any CPU.Build.0 = Debug|Any CPU
		{8E79EAB1-CFD9-4C8E-A392-F895F8FA21EE}.Release|Any CPU.ActiveCfg = Release|Any CPU
		{8E79EAB1-CFD9-4C8E-A392-F895F8FA21EE}.Release|Any CPU.Build.0 = Release|Any CPU
	EndGlobalSection
	GlobalSection(SolutionProperties) = preSolution
		HideSolutionNode = FALSE
	EndGlobalSection
	GlobalSection(ExtensibilityGlobals) = postSolution
		SolutionGuid = {0B2A8744-8F45-4B61-9F57-1C7EC1CD5FD1}
	EndGlobalSection
EndGlobal
