
Microsoft Visual Studio Solution File, Format Version 12.00
# Visual Studio Version 16
VisualStudioVersion = 16.0.30711.63
MinimumVisualStudioVersion = 10.0.40219.1
Project("{FAE04EC0-301F-11D3-BF4B-00C04F79EFBC}") = "Workshop", "Workshop\Workshop.csproj", "{7902C361-0E4B-4DA4-AD63-F994D365F0F8}"
EndProject
Global
	GlobalSection(SolutionConfigurationPlatforms) = preSolution
		Debug|Any CPU = Debug|Any CPU
		Release|Any CPU = Release|Any CPU
	EndGlobalSection
	GlobalSection(ProjectConfigurationPlatforms) = postSolution
		{7902C361-0E4B-4DA4-AD63-F994D365F0F8}.Debug|Any CPU.ActiveCfg = Debug|Any CPU
		{7902C361-0E4B-4DA4-AD63-F994D365F0F8}.Debug|Any CPU.Build.0 = Debug|Any CPU
		{7902C361-0E4B-4DA4-AD63-F994D365F0F8}.Release|Any CPU.ActiveCfg = Release|Any CPU
		{7902C361-0E4B-4DA4-AD63-F994D365F0F8}.Release|Any CPU.Build.0 = Release|Any CPU
	EndGlobalSection
	GlobalSection(SolutionProperties) = preSolution
		HideSolutionNode = FALSE
	EndGlobalSection
	GlobalSection(ExtensibilityGlobals) = postSolution
		SolutionGuid = {0B2A8744-8F45-4B61-9F57-1C7EC1CD5FD1}
	EndGlobalSection
EndGlobal
